
Microsoft Visual Studio Solution File, Format Version 12.00
# Visual Studio Version 16
VisualStudioVersion = 25.0.1706.7
MinimumVisualStudioVersion = 10.0.40219.1
Project("{FAE04EC0-301F-11D3-BF4B-00C04F79EFBC}") = "BowlingBall", "BowlingBall\BowlingBall.csproj", "{257A51D2-6783-4F7A-8DCA-24CB02E66034}"
EndProject
Project("{FAE04EC0-301F-11D3-BF4B-00C04F79EFBC}") = "BowlingBall.Tests", "BowlingBall.Tests\BowlingBall.Tests.csproj", "{575F7B44-46B8-4F46-9A8F-6491060E6E3C}"
EndProject
Global
	GlobalSection(SolutionConfigurationPlatforms) = preSolution
		Debug|Any CPU = Debug|Any CPU
		Release|Any CPU = Release|Any CPU
	EndGlobalSection
	GlobalSection(ProjectConfigurationPlatforms) = postSolution
		{257A51D2-6783-4F7A-8DCA-24CB02E66034}.Debug|Any CPU.ActiveCfg = Debug|Any CPU
		{257A51D2-6783-4F7A-8DCA-24CB02E66034}.Debug|Any CPU.Build.0 = Debug|Any CPU
		{257A51D2-6783-4F7A-8DCA-24CB02E66034}.Release|Any CPU.ActiveCfg = Release|Any CPU
		{257A51D2-6783-4F7A-8DCA-24CB02E66034}.Release|Any CPU.Build.0 = Release|Any CPU
		{575F7B44-46B8-4F46-9A8F-6491060E6E3C}.Debug|Any CPU.ActiveCfg = Debug|Any CPU
		{575F7B44-46B8-4F46-9A8F-6491060E6E3C}.Debug|Any CPU.Build.0 = Debug|Any CPU
		{575F7B44-46B8-4F46-9A8F-6491060E6E3C}.Release|Any CPU.ActiveCfg = Release|Any CPU
		{575F7B44-46B8-4F46-9A8F-6491060E6E3C}.Release|Any CPU.Build.0 = Release|Any CPU
	EndGlobalSection
	GlobalSection(SolutionProperties) = preSolution
		HideSolutionNode = FALSE
	EndGlobalSection
	GlobalSection(ExtensibilityGlobals) = postSolution
		SolutionGuid = {1C5AF266-329B-4EC5-8816-73B96C572C42}
	EndGlobalSection
EndGlobal
